// !$*UTF8*$!
{
	archiveVersion = 1;
	classes = {
	};
	objectVersion = 56;
	objects = {

/* Begin PBXBuildFile section */
		086ABAF829923B1800A5CC42 /* FetchedObjects.swift in Sources */ = {isa = PBXBuildFile; fileRef = 086ABAF629923B1700A5CC42 /* FetchedObjects.swift */; };
		086ABAF929923B1800A5CC42 /* Persistence.swift in Sources */ = {isa = PBXBuildFile; fileRef = 086ABAF729923B1800A5CC42 /* Persistence.swift */; };
		086ABAFB29923B9900A5CC42 /* MenuList.swift in Sources */ = {isa = PBXBuildFile; fileRef = 086ABAFA29923B9900A5CC42 /* MenuList.swift */; };
		086ABAFD29923BAA00A5CC42 /* MenuItem.swift in Sources */ = {isa = PBXBuildFile; fileRef = 086ABAFC29923BAA00A5CC42 /* MenuItem.swift */; };
		086ABB0029926B9C00A5CC42 /* ExampleDatabase.xcdatamodeld in Sources */ = {isa = PBXBuildFile; fileRef = 086ABAFE29926B9C00A5CC42 /* ExampleDatabase.xcdatamodeld */; };
		08ACA8FD299BC31E0007D1C7 /* Fonts+Extensions.swift in Sources */ = {isa = PBXBuildFile; fileRef = 08ACA8FC299BC31E0007D1C7 /* Fonts+Extensions.swift */; };
		08B25740299658AB0091518E /* DishInfo.swift in Sources */ = {isa = PBXBuildFile; fileRef = 08B2573F299658AB0091518E /* DishInfo.swift */; };
		08B25747299B75540091518E /* LogoView.swift in Sources */ = {isa = PBXBuildFile; fileRef = 08B25746299B75540091518E /* LogoView.swift */; };
		08B25749299B76A00091518E /* HeroSection.swift in Sources */ = {isa = PBXBuildFile; fileRef = 08B25748299B76A00091518E /* HeroSection.swift */; };
		08B2574B299B7C7E0091518E /* MenuBreakdown.swift in Sources */ = {isa = PBXBuildFile; fileRef = 08B2574A299B7C7E0091518E /* MenuBreakdown.swift */; };
		08C2D791298D059E0078B8C9 /* Little_LemonApp.swift in Sources */ = {isa = PBXBuildFile; fileRef = 08C2D790298D059E0078B8C9 /* Little_LemonApp.swift */; };
		08C2D795298D059F0078B8C9 /* Assets.xcassets in Resources */ = {isa = PBXBuildFile; fileRef = 08C2D794298D059F0078B8C9 /* Assets.xcassets */; };
		08C2D798298D059F0078B8C9 /* Preview Assets.xcassets in Resources */ = {isa = PBXBuildFile; fileRef = 08C2D797298D059F0078B8C9 /* Preview Assets.xcassets */; };
		08C2D79F298D06A40078B8C9 /* Onboarding.swift in Sources */ = {isa = PBXBuildFile; fileRef = 08C2D79E298D06A40078B8C9 /* Onboarding.swift */; };
		08C2D7A1298D151C0078B8C9 /* Home.swift in Sources */ = {isa = PBXBuildFile; fileRef = 08C2D7A0298D151C0078B8C9 /* Home.swift */; };
		08C2D7A5298D15AB0078B8C9 /* Menu.swift in Sources */ = {isa = PBXBuildFile; fileRef = 08C2D7A4298D15AB0078B8C9 /* Menu.swift */; };
		08C2D7A7298D1EC20078B8C9 /* UserProfile.swift in Sources */ = {isa = PBXBuildFile; fileRef = 08C2D7A6298D1EC20078B8C9 /* UserProfile.swift */; };
		08EE6E8F299BD585008C1639 /* Karla-Medium.ttf in Resources */ = {isa = PBXBuildFile; fileRef = 08EE6E89299BD584008C1639 /* Karla-Medium.ttf */; };
		08EE6E90299BD585008C1639 /* MarkaziText-Regular.ttf in Resources */ = {isa = PBXBuildFile; fileRef = 08EE6E8A299BD584008C1639 /* MarkaziText-Regular.ttf */; };
		08EE6E91299BD585008C1639 /* MarkaziText-Medium.ttf in Resources */ = {isa = PBXBuildFile; fileRef = 08EE6E8B299BD584008C1639 /* MarkaziText-Medium.ttf */; };
		08EE6E92299BD585008C1639 /* Karla-Bold.ttf in Resources */ = {isa = PBXBuildFile; fileRef = 08EE6E8C299BD584008C1639 /* Karla-Bold.ttf */; };
		08EE6E93299BD585008C1639 /* Karla-ExtraBold.ttf in Resources */ = {isa = PBXBuildFile; fileRef = 08EE6E8D299BD584008C1639 /* Karla-ExtraBold.ttf */; };
		08EE6E94299BD585008C1639 /* Karla-Regular.ttf in Resources */ = {isa = PBXBuildFile; fileRef = 08EE6E8E299BD585008C1639 /* Karla-Regular.ttf */; };
		08EE6E97299BD5F8008C1639 /* Color+Extensions.swift in Sources */ = {isa = PBXBuildFile; fileRef = 08EE6E96299BD5F8008C1639 /* Color+Extensions.swift */; };
/* End PBXBuildFile section */

/* Begin PBXFileReference section */
		086ABAF629923B1700A5CC42 /* FetchedObjects.swift */ = {isa = PBXFileReference; fileEncoding = 4; lastKnownFileType = sourcecode.swift; path = FetchedObjects.swift; sourceTree = "<group>"; };
		086ABAF729923B1800A5CC42 /* Persistence.swift */ = {isa = PBXFileReference; fileEncoding = 4; lastKnownFileType = sourcecode.swift; path = Persistence.swift; sourceTree = "<group>"; };
		086ABAFA29923B9900A5CC42 /* MenuList.swift */ = {isa = PBXFileReference; lastKnownFileType = sourcecode.swift; path = MenuList.swift; sourceTree = "<group>"; };
		086ABAFC29923BAA00A5CC42 /* MenuItem.swift */ = {isa = PBXFileReference; lastKnownFileType = sourcecode.swift; path = MenuItem.swift; sourceTree = "<group>"; };
		086ABAFF29926B9C00A5CC42 /* ExampleDatabase.xcdatamodel */ = {isa = PBXFileReference; lastKnownFileType = wrapper.xcdatamodel; path = ExampleDatabase.xcdatamodel; sourceTree = "<group>"; };
		08ACA8FC299BC31E0007D1C7 /* Fonts+Extensions.swift */ = {isa = PBXFileReference; lastKnownFileType = sourcecode.swift; path = "Fonts+Extensions.swift"; sourceTree = "<group>"; };
		08B2573F299658AB0091518E /* DishInfo.swift */ = {isa = PBXFileReference; lastKnownFileType = sourcecode.swift; path = DishInfo.swift; sourceTree = "<group>"; };
		08B25746299B75540091518E /* LogoView.swift */ = {isa = PBXFileReference; lastKnownFileType = sourcecode.swift; path = LogoView.swift; sourceTree = "<group>"; };
		08B25748299B76A00091518E /* HeroSection.swift */ = {isa = PBXFileReference; lastKnownFileType = sourcecode.swift; path = HeroSection.swift; sourceTree = "<group>"; };
		08B2574A299B7C7E0091518E /* MenuBreakdown.swift */ = {isa = PBXFileReference; lastKnownFileType = sourcecode.swift; path = MenuBreakdown.swift; sourceTree = "<group>"; };
		08C2D78D298D059E0078B8C9 /* Little Lemon.app */ = {isa = PBXFileReference; explicitFileType = wrapper.application; includeInIndex = 0; path = "Little Lemon.app"; sourceTree = BUILT_PRODUCTS_DIR; };
		08C2D790298D059E0078B8C9 /* Little_LemonApp.swift */ = {isa = PBXFileReference; lastKnownFileType = sourcecode.swift; path = Little_LemonApp.swift; sourceTree = "<group>"; };
		08C2D794298D059F0078B8C9 /* Assets.xcassets */ = {isa = PBXFileReference; lastKnownFileType = folder.assetcatalog; path = Assets.xcassets; sourceTree = "<group>"; };
		08C2D797298D059F0078B8C9 /* Preview Assets.xcassets */ = {isa = PBXFileReference; lastKnownFileType = folder.assetcatalog; path = "Preview Assets.xcassets"; sourceTree = "<group>"; };
		08C2D79E298D06A40078B8C9 /* Onboarding.swift */ = {isa = PBXFileReference; lastKnownFileType = sourcecode.swift; path = Onboarding.swift; sourceTree = "<group>"; };
		08C2D7A0298D151C0078B8C9 /* Home.swift */ = {isa = PBXFileReference; lastKnownFileType = sourcecode.swift; path = Home.swift; sourceTree = "<group>"; };
		08C2D7A4298D15AB0078B8C9 /* Menu.swift */ = {isa = PBXFileReference; lastKnownFileType = sourcecode.swift; path = Menu.swift; sourceTree = "<group>"; };
		08C2D7A6298D1EC20078B8C9 /* UserProfile.swift */ = {isa = PBXFileReference; lastKnownFileType = sourcecode.swift; path = UserProfile.swift; sourceTree = "<group>"; };
		08EE6E89299BD584008C1639 /* Karla-Medium.ttf */ = {isa = PBXFileReference; lastKnownFileType = file; path = "Karla-Medium.ttf"; sourceTree = "<group>"; };
		08EE6E8A299BD584008C1639 /* MarkaziText-Regular.ttf */ = {isa = PBXFileReference; lastKnownFileType = file; path = "MarkaziText-Regular.ttf"; sourceTree = "<group>"; };
		08EE6E8B299BD584008C1639 /* MarkaziText-Medium.ttf */ = {isa = PBXFileReference; lastKnownFileType = file; path = "MarkaziText-Medium.ttf"; sourceTree = "<group>"; };
		08EE6E8C299BD584008C1639 /* Karla-Bold.ttf */ = {isa = PBXFileReference; lastKnownFileType = file; path = "Karla-Bold.ttf"; sourceTree = "<group>"; };
		08EE6E8D299BD584008C1639 /* Karla-ExtraBold.ttf */ = {isa = PBXFileReference; lastKnownFileType = file; path = "Karla-ExtraBold.ttf"; sourceTree = "<group>"; };
		08EE6E8E299BD585008C1639 /* Karla-Regular.ttf */ = {isa = PBXFileReference; lastKnownFileType = file; path = "Karla-Regular.ttf"; sourceTree = "<group>"; };
		08EE6E96299BD5F8008C1639 /* Color+Extensions.swift */ = {isa = PBXFileReference; lastKnownFileType = sourcecode.swift; path = "Color+Extensions.swift"; sourceTree = "<group>"; };
/* End PBXFileReference section */

/* Begin PBXFrameworksBuildPhase section */
		08C2D78A298D059E0078B8C9 /* Frameworks */ = {
			isa = PBXFrameworksBuildPhase;
			buildActionMask = 2147483647;
			files = (
			);
			runOnlyForDeploymentPostprocessing = 0;
		};
/* End PBXFrameworksBuildPhase section */

/* Begin PBXGroup section */
		08C2D784298D059E0078B8C9 = {
			isa = PBXGroup;
			children = (
				08C2D78F298D059E0078B8C9 /* Little Lemon */,
				08C2D78E298D059E0078B8C9 /* Products */,
			);
			sourceTree = "<group>";
			usesTabs = 0;
		};
		08C2D78E298D059E0078B8C9 /* Products */ = {
			isa = PBXGroup;
			children = (
				08C2D78D298D059E0078B8C9 /* Little Lemon.app */,
			);
			name = Products;
			sourceTree = "<group>";
		};
		08C2D78F298D059E0078B8C9 /* Little Lemon */ = {
			isa = PBXGroup;
			children = (
				08C2D790298D059E0078B8C9 /* Little_LemonApp.swift */,
				086ABAFE29926B9C00A5CC42 /* ExampleDatabase.xcdatamodeld */,
				086ABAF629923B1700A5CC42 /* FetchedObjects.swift */,
				086ABAF729923B1800A5CC42 /* Persistence.swift */,
				08EE6E88299BD56E008C1639 /* Fonts */,
				08EE6E95299BD5E4008C1639 /* Extensions */,
				08C2D7A0298D151C0078B8C9 /* Home.swift */,
				08B25746299B75540091518E /* LogoView.swift */,
				08B25748299B76A00091518E /* HeroSection.swift */,
				08C2D7A4298D15AB0078B8C9 /* Menu.swift */,
				08B2574A299B7C7E0091518E /* MenuBreakdown.swift */,
				086ABAFA29923B9900A5CC42 /* MenuList.swift */,
				086ABAFC29923BAA00A5CC42 /* MenuItem.swift */,
				08C2D79E298D06A40078B8C9 /* Onboarding.swift */,
				08B2573F299658AB0091518E /* DishInfo.swift */,
				08C2D7A6298D1EC20078B8C9 /* UserProfile.swift */,
				08C2D794298D059F0078B8C9 /* Assets.xcassets */,
				08C2D796298D059F0078B8C9 /* Preview Content */,
			);
			path = "Little Lemon";
			sourceTree = "<group>";
		};
		08C2D796298D059F0078B8C9 /* Preview Content */ = {
			isa = PBXGroup;
			children = (
				08C2D797298D059F0078B8C9 /* Preview Assets.xcassets */,
			);
			path = "Preview Content";
			sourceTree = "<group>";
		};
		08EE6E88299BD56E008C1639 /* Fonts */ = {
			isa = PBXGroup;
			children = (
				08EE6E8C299BD584008C1639 /* Karla-Bold.ttf */,
				08EE6E8D299BD584008C1639 /* Karla-ExtraBold.ttf */,
				08EE6E89299BD584008C1639 /* Karla-Medium.ttf */,
				08EE6E8E299BD585008C1639 /* Karla-Regular.ttf */,
				08EE6E8B299BD584008C1639 /* MarkaziText-Medium.ttf */,
				08EE6E8A299BD584008C1639 /* MarkaziText-Regular.ttf */,
			);
			path = Fonts;
			sourceTree = "<group>";
		};
		08EE6E95299BD5E4008C1639 /* Extensions */ = {
			isa = PBXGroup;
			children = (
				08ACA8FC299BC31E0007D1C7 /* Fonts+Extensions.swift */,
				08EE6E96299BD5F8008C1639 /* Color+Extensions.swift */,
			);
			path = Extensions;
			sourceTree = "<group>";
		};
/* End PBXGroup section */

/* Begin PBXNativeTarget section */
		08C2D78C298D059E0078B8C9 /* Little Lemon */ = {
			isa = PBXNativeTarget;
			buildConfigurationList = 08C2D79B298D059F0078B8C9 /* Build configuration list for PBXNativeTarget "Little Lemon" */;
			buildPhases = (
				08C2D789298D059E0078B8C9 /* Sources */,
				08C2D78A298D059E0078B8C9 /* Frameworks */,
				08C2D78B298D059E0078B8C9 /* Resources */,
			);
			buildRules = (
			);
			dependencies = (
			);
			name = "Little Lemon";
			productName = "Little Lemon";
			productReference = 08C2D78D298D059E0078B8C9 /* Little Lemon.app */;
			productType = "com.apple.product-type.application";
		};
/* End PBXNativeTarget section */

/* Begin PBXProject section */
		08C2D785298D059E0078B8C9 /* Project object */ = {
			isa = PBXProject;
			attributes = {
				BuildIndependentTargetsInParallel = 1;
				LastSwiftUpdateCheck = 1420;
				LastUpgradeCheck = 1420;
				TargetAttributes = {
					08C2D78C298D059E0078B8C9 = {
						CreatedOnToolsVersion = 14.2;
					};
				};
			};
			buildConfigurationList = 08C2D788298D059E0078B8C9 /* Build configuration list for PBXProject "Little Lemon" */;
			compatibilityVersion = "Xcode 14.0";
			developmentRegion = en;
			hasScannedForEncodings = 0;
			knownRegions = (
				en,
				Base,
			);
			mainGroup = 08C2D784298D059E0078B8C9;
			productRefGroup = 08C2D78E298D059E0078B8C9 /* Products */;
			projectDirPath = "";
			projectRoot = "";
			targets = (
				08C2D78C298D059E0078B8C9 /* Little Lemon */,
			);
		};
/* End PBXProject section */

/* Begin PBXResourcesBuildPhase section */
		08C2D78B298D059E0078B8C9 /* Resources */ = {
			isa = PBXResourcesBuildPhase;
			buildActionMask = 2147483647;
			files = (
				08C2D798298D059F0078B8C9 /* Preview Assets.xcassets in Resources */,
				08EE6E91299BD585008C1639 /* MarkaziText-Medium.ttf in Resources */,
				08EE6E8F299BD585008C1639 /* Karla-Medium.ttf in Resources */,
				08EE6E92299BD585008C1639 /* Karla-Bold.ttf in Resources */,
				08EE6E90299BD585008C1639 /* MarkaziText-Regular.ttf in Resources */,
				08C2D795298D059F0078B8C9 /* Assets.xcassets in Resources */,
				08EE6E93299BD585008C1639 /* Karla-ExtraBold.ttf in Resources */,
				08EE6E94299BD585008C1639 /* Karla-Regular.ttf in Resources */,
			);
			runOnlyForDeploymentPostprocessing = 0;
		};
/* End PBXResourcesBuildPhase section */

/* Begin PBXSourcesBuildPhase section */
		08C2D789298D059E0078B8C9 /* Sources */ = {
			isa = PBXSourcesBuildPhase;
			buildActionMask = 2147483647;
			files = (
				08C2D79F298D06A40078B8C9 /* Onboarding.swift in Sources */,
				08B2574B299B7C7E0091518E /* MenuBreakdown.swift in Sources */,
				08ACA8FD299BC31E0007D1C7 /* Fonts+Extensions.swift in Sources */,
				08C2D7A1298D151C0078B8C9 /* Home.swift in Sources */,
				086ABAFB29923B9900A5CC42 /* MenuList.swift in Sources */,
				086ABAF829923B1800A5CC42 /* FetchedObjects.swift in Sources */,
				086ABAF929923B1800A5CC42 /* Persistence.swift in Sources */,
				086ABB0029926B9C00A5CC42 /* ExampleDatabase.xcdatamodeld in Sources */,
				08B25740299658AB0091518E /* DishInfo.swift in Sources */,
				08C2D7A7298D1EC20078B8C9 /* UserProfile.swift in Sources */,
				08B25749299B76A00091518E /* HeroSection.swift in Sources */,
				08EE6E97299BD5F8008C1639 /* Color+Extensions.swift in Sources */,
				086ABAFD29923BAA00A5CC42 /* MenuItem.swift in Sources */,
				08C2D7A5298D15AB0078B8C9 /* Menu.swift in Sources */,
				08B25747299B75540091518E /* LogoView.swift in Sources */,
				08C2D791298D059E0078B8C9 /* Little_LemonApp.swift in Sources */,
			);
			runOnlyForDeploymentPostprocessing = 0;
		};
/* End PBXSourcesBuildPhase section */

/* Begin XCBuildConfiguration section */
		08C2D799298D059F0078B8C9 /* Debug */ = {
			isa = XCBuildConfiguration;
			buildSettings = {
				ALWAYS_SEARCH_USER_PATHS = NO;
				CLANG_ANALYZER_NONNULL = YES;
				CLANG_ANALYZER_NUMBER_OBJECT_CONVERSION = YES_AGGRESSIVE;
				CLANG_CXX_LANGUAGE_STANDARD = "gnu++20";
				CLANG_ENABLE_MODULES = YES;
				CLANG_ENABLE_OBJC_ARC = YES;
				CLANG_ENABLE_OBJC_WEAK = YES;
				CLANG_WARN_BLOCK_CAPTURE_AUTORELEASING = YES;
				CLANG_WARN_BOOL_CONVERSION = YES;
				CLANG_WARN_COMMA = YES;
				CLANG_WARN_CONSTANT_CONVERSION = YES;
				CLANG_WARN_DEPRECATED_OBJC_IMPLEMENTATIONS = YES;
				CLANG_WARN_DIRECT_OBJC_ISA_USAGE = YES_ERROR;
				CLANG_WARN_DOCUMENTATION_COMMENTS = YES;
				CLANG_WARN_EMPTY_BODY = YES;
				CLANG_WARN_ENUM_CONVERSION = YES;
				CLANG_WARN_INFINITE_RECURSION = YES;
				CLANG_WARN_INT_CONVERSION = YES;
				CLANG_WARN_NON_LITERAL_NULL_CONVERSION = YES;
				CLANG_WARN_OBJC_IMPLICIT_RETAIN_SELF = YES;
				CLANG_WARN_OBJC_LITERAL_CONVERSION = YES;
				CLANG_WARN_OBJC_ROOT_CLASS = YES_ERROR;
				CLANG_WARN_QUOTED_INCLUDE_IN_FRAMEWORK_HEADER = YES;
				CLANG_WARN_RANGE_LOOP_ANALYSIS = YES;
				CLANG_WARN_STRICT_PROTOTYPES = YES;
				CLANG_WARN_SUSPICIOUS_MOVE = YES;
				CLANG_WARN_UNGUARDED_AVAILABILITY = YES_AGGRESSIVE;
				CLANG_WARN_UNREACHABLE_CODE = YES;
				CLANG_WARN__DUPLICATE_METHOD_MATCH = YES;
				COPY_PHASE_STRIP = NO;
				DEBUG_INFORMATION_FORMAT = dwarf;
				ENABLE_STRICT_OBJC_MSGSEND = YES;
				ENABLE_TESTABILITY = YES;
				GCC_C_LANGUAGE_STANDARD = gnu11;
				GCC_DYNAMIC_NO_PIC = NO;
				GCC_NO_COMMON_BLOCKS = YES;
				GCC_OPTIMIZATION_LEVEL = 0;
				GCC_PREPROCESSOR_DEFINITIONS = (
					"DEBUG=1",
					"$(inherited)",
				);
				GCC_WARN_64_TO_32_BIT_CONVERSION = YES;
				GCC_WARN_ABOUT_RETURN_TYPE = YES_ERROR;
				GCC_WARN_UNDECLARED_SELECTOR = YES;
				GCC_WARN_UNINITIALIZED_AUTOS = YES_AGGRESSIVE;
				GCC_WARN_UNUSED_FUNCTION = YES;
				GCC_WARN_UNUSED_VARIABLE = YES;
				IPHONEOS_DEPLOYMENT_TARGET = 16.2;
				MTL_ENABLE_DEBUG_INFO = INCLUDE_SOURCE;
				MTL_FAST_MATH = YES;
				ONLY_ACTIVE_ARCH = YES;
				SDKROOT = iphoneos;
				SWIFT_ACTIVE_COMPILATION_CONDITIONS = DEBUG;
				SWIFT_OPTIMIZATION_LEVEL = "-Onone";
			};
			name = Debug;
		};
		08C2D79A298D059F0078B8C9 /* Release */ = {
			isa = XCBuildConfiguration;
			buildSettings = {
				ALWAYS_SEARCH_USER_PATHS = NO;
				CLANG_ANALYZER_NONNULL = YES;
				CLANG_ANALYZER_NUMBER_OBJECT_CONVERSION = YES_AGGRESSIVE;
				CLANG_CXX_LANGUAGE_STANDARD = "gnu++20";
				CLANG_ENABLE_MODULES = YES;
				CLANG_ENABLE_OBJC_ARC = YES;
				CLANG_ENABLE_OBJC_WEAK = YES;
				CLANG_WARN_BLOCK_CAPTURE_AUTORELEASING = YES;
				CLANG_WARN_BOOL_CONVERSION = YES;
				CLANG_WARN_COMMA = YES;
				CLANG_WARN_CONSTANT_CONVERSION = YES;
				CLANG_WARN_DEPRECATED_OBJC_IMPLEMENTATIONS = YES;
				CLANG_WARN_DIRECT_OBJC_ISA_USAGE = YES_ERROR;
				CLANG_WARN_DOCUMENTATION_COMMENTS = YES;
				CLANG_WARN_EMPTY_BODY = YES;
				CLANG_WARN_ENUM_CONVERSION = YES;
				CLANG_WARN_INFINITE_RECURSION = YES;
				CLANG_WARN_INT_CONVERSION = YES;
				CLANG_WARN_NON_LITERAL_NULL_CONVERSION = YES;
				CLANG_WARN_OBJC_IMPLICIT_RETAIN_SELF = YES;
				CLANG_WARN_OBJC_LITERAL_CONVERSION = YES;
				CLANG_WARN_OBJC_ROOT_CLASS = YES_ERROR;
				CLANG_WARN_QUOTED_INCLUDE_IN_FRAMEWORK_HEADER = YES;
				CLANG_WARN_RANGE_LOOP_ANALYSIS = YES;
				CLANG_WARN_STRICT_PROTOTYPES = YES;
				CLANG_WARN_SUSPICIOUS_MOVE = YES;
				CLANG_WARN_UNGUARDED_AVAILABILITY = YES_AGGRESSIVE;
				CLANG_WARN_UNREACHABLE_CODE = YES;
				CLANG_WARN__DUPLICATE_METHOD_MATCH = YES;
				COPY_PHASE_STRIP = NO;
				DEBUG_INFORMATION_FORMAT = "dwarf-with-dsym";
				ENABLE_NS_ASSERTIONS = NO;
				ENABLE_STRICT_OBJC_MSGSEND = YES;
				GCC_C_LANGUAGE_STANDARD = gnu11;
				GCC_NO_COMMON_BLOCKS = YES;
				GCC_WARN_64_TO_32_BIT_CONVERSION = YES;
				GCC_WARN_ABOUT_RETURN_TYPE = YES_ERROR;
				GCC_WARN_UNDECLARED_SELECTOR = YES;
				GCC_WARN_UNINITIALIZED_AUTOS = YES_AGGRESSIVE;
				GCC_WARN_UNUSED_FUNCTION = YES;
				GCC_WARN_UNUSED_VARIABLE = YES;
				IPHONEOS_DEPLOYMENT_TARGET = 16.2;
				MTL_ENABLE_DEBUG_INFO = NO;
				MTL_FAST_MATH = YES;
				SDKROOT = iphoneos;
				SWIFT_COMPILATION_MODE = wholemodule;
				SWIFT_OPTIMIZATION_LEVEL = "-O";
				VALIDATE_PRODUCT = YES;
			};
			name = Release;
		};
		08C2D79C298D059F0078B8C9 /* Debug */ = {
			isa = XCBuildConfiguration;
			buildSettings = {
				ASSETCATALOG_COMPILER_APPICON_NAME = AppIcon;
				ASSETCATALOG_COMPILER_GLOBAL_ACCENT_COLOR_NAME = AccentColor;
				CODE_SIGN_STYLE = Automatic;
				CURRENT_PROJECT_VERSION = 1;
				DEVELOPMENT_ASSET_PATHS = "\"Little Lemon/Preview Content\"";
				DEVELOPMENT_TEAM = DC795NMRKD;
				ENABLE_PREVIEWS = YES;
				GENERATE_INFOPLIST_FILE = YES;
				INFOPLIST_FILE = "Little-Lemon-Info.plist";
				INFOPLIST_KEY_UIApplicationSceneManifest_Generation = YES;
				INFOPLIST_KEY_UIApplicationSupportsIndirectInputEvents = YES;
				INFOPLIST_KEY_UILaunchScreen_Generation = YES;
				INFOPLIST_KEY_UISupportedInterfaceOrientations_iPad = "UIInterfaceOrientationPortrait UIInterfaceOrientationPortraitUpsideDown UIInterfaceOrientationLandscapeLeft UIInterfaceOrientationLandscapeRight";
				INFOPLIST_KEY_UISupportedInterfaceOrientations_iPhone = "UIInterfaceOrientationPortrait UIInterfaceOrientationLandscapeLeft UIInterfaceOrientationLandscapeRight";
				LD_RUNPATH_SEARCH_PATHS = (
					"$(inherited)",
					"@executable_path/Frameworks",
				);
				MARKETING_VERSION = 1.0;
				PRODUCT_BUNDLE_IDENTIFIER = "com.littleLemon.mobileApplication.Little-Lemon";
				PRODUCT_NAME = "$(TARGET_NAME)";
				SWIFT_EMIT_LOC_STRINGS = YES;
				SWIFT_VERSION = 5.0;
				TARGETED_DEVICE_FAMILY = "1,2";
			};
			name = Debug;
		};
		08C2D79D298D059F0078B8C9 /* Release */ = {
			isa = XCBuildConfiguration;
			buildSettings = {
				ASSETCATALOG_COMPILER_APPICON_NAME = AppIcon;
				ASSETCATALOG_COMPILER_GLOBAL_ACCENT_COLOR_NAME = AccentColor;
				CODE_SIGN_STYLE = Automatic;
				CURRENT_PROJECT_VERSION = 1;
				DEVELOPMENT_ASSET_PATHS = "\"Little Lemon/Preview Content\"";
				DEVELOPMENT_TEAM = DC795NMRKD;
				ENABLE_PREVIEWS = YES;
				GENERATE_INFOPLIST_FILE = YES;
				INFOPLIST_FILE = "Little-Lemon-Info.plist";
				INFOPLIST_KEY_UIApplicationSceneManifest_Generation = YES;
				INFOPLIST_KEY_UIApplicationSupportsIndirectInputEvents = YES;
				INFOPLIST_KEY_UILaunchScreen_Generation = YES;
				INFOPLIST_KEY_UISupportedInterfaceOrientations_iPad = "UIInterfaceOrientationPortrait UIInterfaceOrientationPortraitUpsideDown UIInterfaceOrientationLandscapeLeft UIInterfaceOrientationLandscapeRight";
				INFOPLIST_KEY_UISupportedInterfaceOrientations_iPhone = "UIInterfaceOrientationPortrait UIInterfaceOrientationLandscapeLeft UIInterfaceOrientationLandscapeRight";
				LD_RUNPATH_SEARCH_PATHS = (
					"$(inherited)",
					"@executable_path/Frameworks",
				);
				MARKETING_VERSION = 1.0;
				PRODUCT_BUNDLE_IDENTIFIER = "com.littleLemon.mobileApplication.Little-Lemon";
				PRODUCT_NAME = "$(TARGET_NAME)";
				SWIFT_EMIT_LOC_STRINGS = YES;
				SWIFT_VERSION = 5.0;
				TARGETED_DEVICE_FAMILY = "1,2";
			};
			name = Release;
		};
/* End XCBuildConfiguration section */

/* Begin XCConfigurationList section */
		08C2D788298D059E0078B8C9 /* Build configuration list for PBXProject "Little Lemon" */ = {
			isa = XCConfigurationList;
			buildConfigurations = (
				08C2D799298D059F0078B8C9 /* Debug */,
				08C2D79A298D059F0078B8C9 /* Release */,
			);
			defaultConfigurationIsVisible = 0;
			defaultConfigurationName = Release;
		};
		08C2D79B298D059F0078B8C9 /* Build configuration list for PBXNativeTarget "Little Lemon" */ = {
			isa = XCConfigurationList;
			buildConfigurations = (
				08C2D79C298D059F0078B8C9 /* Debug */,
				08C2D79D298D059F0078B8C9 /* Release */,
			);
			defaultConfigurationIsVisible = 0;
			defaultConfigurationName = Release;
		};
/* End XCConfigurationList section */

/* Begin XCVersionGroup section */
		086ABAFE29926B9C00A5CC42 /* ExampleDatabase.xcdatamodeld */ = {
			isa = XCVersionGroup;
			children = (
				086ABAFF29926B9C00A5CC42 /* ExampleDatabase.xcdatamodel */,
			);
			currentVersion = 086ABAFF29926B9C00A5CC42 /* ExampleDatabase.xcdatamodel */;
			path = ExampleDatabase.xcdatamodeld;
			sourceTree = "<group>";
			versionGroupType = wrapper.xcdatamodel;
		};
/* End XCVersionGroup section */
	};
	rootObject = 08C2D785298D059E0078B8C9 /* Project object */;
}
